// !$*UTF8*$!
{
	archiveVersion = 1;
	classes = {
	};
	objectVersion = 50;
	objects = {

/* Begin PBXBuildFile section */
		EA0C726F245A0B0900C06280 /* PurchaseOrder.swift in Sources */ = {isa = PBXBuildFile; fileRef = EA0C726E245A0B0900C06280 /* PurchaseOrder.swift */; };
		EA0C7271245A10B300C06280 /* PurchaseOrderVC.swift in Sources */ = {isa = PBXBuildFile; fileRef = EA0C7270245A10B300C06280 /* PurchaseOrderVC.swift */; };
		EA0C7273245A154E00C06280 /* PurchaseOrderCell.swift in Sources */ = {isa = PBXBuildFile; fileRef = EA0C7272245A154E00C06280 /* PurchaseOrderCell.swift */; };
		EA0C7275245A1A4000C06280 /* Utilities.swift in Sources */ = {isa = PBXBuildFile; fileRef = EA0C7274245A1A4000C06280 /* Utilities.swift */; };
		EA0C7277245A318E00C06280 /* Purchase.storyboard in Resources */ = {isa = PBXBuildFile; fileRef = EA0C7276245A318E00C06280 /* Purchase.storyboard */; };
		EA20D3952450B02C00115128 /* ProductCell.swift in Sources */ = {isa = PBXBuildFile; fileRef = EA20D3942450B02C00115128 /* ProductCell.swift */; };
		EA20D3972451DB0A00115128 /* ProductVC.swift in Sources */ = {isa = PBXBuildFile; fileRef = EA20D3962451DB0A00115128 /* ProductVC.swift */; };
		EA20D39A2451DBCA00115128 /* DataService.swift in Sources */ = {isa = PBXBuildFile; fileRef = EA20D3992451DBCA00115128 /* DataService.swift */; };
		EA20D39C2451DC1C00115128 /* Category.swift in Sources */ = {isa = PBXBuildFile; fileRef = EA20D39B2451DC1C00115128 /* Category.swift */; };
		EA20D39E2451E96200115128 /* CategoryVC.swift in Sources */ = {isa = PBXBuildFile; fileRef = EA20D39D2451E96200115128 /* CategoryVC.swift */; };
		EA20D3A02451ED2B00115128 /* CategoryCell.swift in Sources */ = {isa = PBXBuildFile; fileRef = EA20D39F2451ED2B00115128 /* CategoryCell.swift */; };
		EA20D3A424523DF000115128 /* BorderButton.swift in Sources */ = {isa = PBXBuildFile; fileRef = EA20D3A124523DEF00115128 /* BorderButton.swift */; };
		EA20D3A524523DF000115128 /* BorderShadowButton.swift in Sources */ = {isa = PBXBuildFile; fileRef = EA20D3A224523DEF00115128 /* BorderShadowButton.swift */; };
		EA20D3A624523DF000115128 /* BorderShadowView.swift in Sources */ = {isa = PBXBuildFile; fileRef = EA20D3A324523DEF00115128 /* BorderShadowView.swift */; };
		EA244CB02458E26D00D2D45F /* ProductDetailVC.swift in Sources */ = {isa = PBXBuildFile; fileRef = EA244CAF2458E26D00D2D45F /* ProductDetailVC.swift */; };
		EA3B13AF24525EB80058ECCE /* ProductCellBestSeller.swift in Sources */ = {isa = PBXBuildFile; fileRef = EA3B13AE24525EB80058ECCE /* ProductCellBestSeller.swift */; };
		EA3B13B1245261410058ECCE /* ProductBestSellerVC.swift in Sources */ = {isa = PBXBuildFile; fileRef = EA3B13B0245261410058ECCE /* ProductBestSellerVC.swift */; };
		EA7BB99A24530C7F00E3FC4F /* BestSellerShoesCollection.swift in Sources */ = {isa = PBXBuildFile; fileRef = EA7BB99924530C7F00E3FC4F /* BestSellerShoesCollection.swift */; };
		EAA244042457195100ECB617 /* Cart.swift in Sources */ = {isa = PBXBuildFile; fileRef = EAA244032457195100ECB617 /* Cart.swift */; };
		EAA2440624571AB800ECB617 /* CartItem.swift in Sources */ = {isa = PBXBuildFile; fileRef = EAA2440524571AB800ECB617 /* CartItem.swift */; };
		EAA244082457206C00ECB617 /* CartVC.swift in Sources */ = {isa = PBXBuildFile; fileRef = EAA244072457206C00ECB617 /* CartVC.swift */; };
		EAA2440A2457247300ECB617 /* CartCell.swift in Sources */ = {isa = PBXBuildFile; fileRef = EAA244092457247300ECB617 /* CartCell.swift */; };
		EAA2440C2457449500ECB617 /* ProductView.swift in Sources */ = {isa = PBXBuildFile; fileRef = EAA2440B2457449500ECB617 /* ProductView.swift */; };
		EAADF6E52450948800E7EF78 /* AppDelegate.swift in Sources */ = {isa = PBXBuildFile; fileRef = EAADF6E42450948800E7EF78 /* AppDelegate.swift */; };
		EAADF6E72450948800E7EF78 /* SceneDelegate.swift in Sources */ = {isa = PBXBuildFile; fileRef = EAADF6E62450948800E7EF78 /* SceneDelegate.swift */; };
		EAADF6E92450948800E7EF78 /* ViewController.swift in Sources */ = {isa = PBXBuildFile; fileRef = EAADF6E82450948800E7EF78 /* ViewController.swift */; };
		EAADF6EC2450948800E7EF78 /* Main.storyboard in Resources */ = {isa = PBXBuildFile; fileRef = EAADF6EA2450948800E7EF78 /* Main.storyboard */; };
		EAADF6EE2450948900E7EF78 /* Assets.xcassets in Resources */ = {isa = PBXBuildFile; fileRef = EAADF6ED2450948900E7EF78 /* Assets.xcassets */; };
		EAADF6F12450948900E7EF78 /* LaunchScreen.storyboard in Resources */ = {isa = PBXBuildFile; fileRef = EAADF6EF2450948900E7EF78 /* LaunchScreen.storyboard */; };
		EAADF6F924509EE900E7EF78 /* BarButtonItem.swift in Sources */ = {isa = PBXBuildFile; fileRef = EAADF6F824509EE900E7EF78 /* BarButtonItem.swift */; };
		EAADF7002450A61200E7EF78 /* Product.swift in Sources */ = {isa = PBXBuildFile; fileRef = EAADF6FF2450A61200E7EF78 /* Product.swift */; };
/* End PBXBuildFile section */

/* Begin PBXFileReference section */
		EA0C726E245A0B0900C06280 /* PurchaseOrder.swift */ = {isa = PBXFileReference; lastKnownFileType = sourcecode.swift; path = PurchaseOrder.swift; sourceTree = "<group>"; };
		EA0C7270245A10B300C06280 /* PurchaseOrderVC.swift */ = {isa = PBXFileReference; lastKnownFileType = sourcecode.swift; path = PurchaseOrderVC.swift; sourceTree = "<group>"; };
		EA0C7272245A154E00C06280 /* PurchaseOrderCell.swift */ = {isa = PBXFileReference; lastKnownFileType = sourcecode.swift; path = PurchaseOrderCell.swift; sourceTree = "<group>"; };
		EA0C7274245A1A4000C06280 /* Utilities.swift */ = {isa = PBXFileReference; lastKnownFileType = sourcecode.swift; path = Utilities.swift; sourceTree = "<group>"; };
		EA0C7276245A318E00C06280 /* Purchase.storyboard */ = {isa = PBXFileReference; lastKnownFileType = file.storyboard; path = Purchase.storyboard; sourceTree = "<group>"; };
		EA20D3942450B02C00115128 /* ProductCell.swift */ = {isa = PBXFileReference; lastKnownFileType = sourcecode.swift; path = ProductCell.swift; sourceTree = "<group>"; };
		EA20D3962451DB0A00115128 /* ProductVC.swift */ = {isa = PBXFileReference; lastKnownFileType = sourcecode.swift; path = ProductVC.swift; sourceTree = "<group>"; };
		EA20D3992451DBCA00115128 /* DataService.swift */ = {isa = PBXFileReference; lastKnownFileType = sourcecode.swift; path = DataService.swift; sourceTree = "<group>"; wrapsLines = 0; };
		EA20D39B2451DC1C00115128 /* Category.swift */ = {isa = PBXFileReference; lastKnownFileType = sourcecode.swift; path = Category.swift; sourceTree = "<group>"; };
		EA20D39D2451E96200115128 /* CategoryVC.swift */ = {isa = PBXFileReference; lastKnownFileType = sourcecode.swift; path = CategoryVC.swift; sourceTree = "<group>"; };
		EA20D39F2451ED2B00115128 /* CategoryCell.swift */ = {isa = PBXFileReference; lastKnownFileType = sourcecode.swift; path = CategoryCell.swift; sourceTree = "<group>"; };
		EA20D3A124523DEF00115128 /* BorderButton.swift */ = {isa = PBXFileReference; fileEncoding = 4; lastKnownFileType = sourcecode.swift; path = BorderButton.swift; sourceTree = "<group>"; };
		EA20D3A224523DEF00115128 /* BorderShadowButton.swift */ = {isa = PBXFileReference; fileEncoding = 4; lastKnownFileType = sourcecode.swift; path = BorderShadowButton.swift; sourceTree = "<group>"; };
		EA20D3A324523DEF00115128 /* BorderShadowView.swift */ = {isa = PBXFileReference; fileEncoding = 4; lastKnownFileType = sourcecode.swift; path = BorderShadowView.swift; sourceTree = "<group>"; };
		EA244CAF2458E26D00D2D45F /* ProductDetailVC.swift */ = {isa = PBXFileReference; lastKnownFileType = sourcecode.swift; path = ProductDetailVC.swift; sourceTree = "<group>"; };
		EA3B13AE24525EB80058ECCE /* ProductCellBestSeller.swift */ = {isa = PBXFileReference; lastKnownFileType = sourcecode.swift; path = ProductCellBestSeller.swift; sourceTree = "<group>"; };
		EA3B13B0245261410058ECCE /* ProductBestSellerVC.swift */ = {isa = PBXFileReference; lastKnownFileType = sourcecode.swift; path = ProductBestSellerVC.swift; sourceTree = "<group>"; };
		EA7BB99924530C7F00E3FC4F /* BestSellerShoesCollection.swift */ = {isa = PBXFileReference; lastKnownFileType = sourcecode.swift; path = BestSellerShoesCollection.swift; sourceTree = "<group>"; };
		EAA244032457195100ECB617 /* Cart.swift */ = {isa = PBXFileReference; lastKnownFileType = sourcecode.swift; path = Cart.swift; sourceTree = "<group>"; };
		EAA2440524571AB800ECB617 /* CartItem.swift */ = {isa = PBXFileReference; lastKnownFileType = sourcecode.swift; path = CartItem.swift; sourceTree = "<group>"; };
		EAA244072457206C00ECB617 /* CartVC.swift */ = {isa = PBXFileReference; lastKnownFileType = sourcecode.swift; path = CartVC.swift; sourceTree = "<group>"; };
		EAA244092457247300ECB617 /* CartCell.swift */ = {isa = PBXFileReference; lastKnownFileType = sourcecode.swift; path = CartCell.swift; sourceTree = "<group>"; };
		EAA2440B2457449500ECB617 /* ProductView.swift */ = {isa = PBXFileReference; lastKnownFileType = sourcecode.swift; path = ProductView.swift; sourceTree = "<group>"; };
		EAADF6E12450948800E7EF78 /* ShoeShock.app */ = {isa = PBXFileReference; explicitFileType = wrapper.application; includeInIndex = 0; path = ShoeShock.app; sourceTree = BUILT_PRODUCTS_DIR; };
		EAADF6E42450948800E7EF78 /* AppDelegate.swift */ = {isa = PBXFileReference; lastKnownFileType = sourcecode.swift; path = AppDelegate.swift; sourceTree = "<group>"; };
		EAADF6E62450948800E7EF78 /* SceneDelegate.swift */ = {isa = PBXFileReference; lastKnownFileType = sourcecode.swift; path = SceneDelegate.swift; sourceTree = "<group>"; };
		EAADF6E82450948800E7EF78 /* ViewController.swift */ = {isa = PBXFileReference; lastKnownFileType = sourcecode.swift; path = ViewController.swift; sourceTree = "<group>"; };
		EAADF6EB2450948800E7EF78 /* Base */ = {isa = PBXFileReference; lastKnownFileType = file.storyboard; name = Base; path = Base.lproj/Main.storyboard; sourceTree = "<group>"; };
		EAADF6ED2450948900E7EF78 /* Assets.xcassets */ = {isa = PBXFileReference; lastKnownFileType = folder.assetcatalog; path = Assets.xcassets; sourceTree = "<group>"; };
		EAADF6F02450948900E7EF78 /* Base */ = {isa = PBXFileReference; lastKnownFileType = file.storyboard; name = Base; path = Base.lproj/LaunchScreen.storyboard; sourceTree = "<group>"; };
		EAADF6F22450948900E7EF78 /* Info.plist */ = {isa = PBXFileReference; lastKnownFileType = text.plist.xml; path = Info.plist; sourceTree = "<group>"; };
		EAADF6F824509EE900E7EF78 /* BarButtonItem.swift */ = {isa = PBXFileReference; lastKnownFileType = sourcecode.swift; path = BarButtonItem.swift; sourceTree = "<group>"; };
		EAADF6FF2450A61200E7EF78 /* Product.swift */ = {isa = PBXFileReference; lastKnownFileType = sourcecode.swift; path = Product.swift; sourceTree = "<group>"; };
/* End PBXFileReference section */

/* Begin PBXFrameworksBuildPhase section */
		EAADF6DE2450948800E7EF78 /* Frameworks */ = {
			isa = PBXFrameworksBuildPhase;
			buildActionMask = 2147483647;
			files = (
			);
			runOnlyForDeploymentPostprocessing = 0;
		};
/* End PBXFrameworksBuildPhase section */

/* Begin PBXGroup section */
		EA20D3982451DBB200115128 /* Services */ = {
			isa = PBXGroup;
			children = (
				EA20D3992451DBCA00115128 /* DataService.swift */,
				EA0C7274245A1A4000C06280 /* Utilities.swift */,
			);
			path = Services;
			sourceTree = "<group>";
		};
		EAADF6D82450948800E7EF78 = {
			isa = PBXGroup;
			children = (
				EAADF6E32450948800E7EF78 /* ShoeShock */,
				EAADF6E22450948800E7EF78 /* Products */,
			);
			sourceTree = "<group>";
		};
		EAADF6E22450948800E7EF78 /* Products */ = {
			isa = PBXGroup;
			children = (
				EAADF6E12450948800E7EF78 /* ShoeShock.app */,
			);
			name = Products;
			sourceTree = "<group>";
		};
		EAADF6E32450948800E7EF78 /* ShoeShock */ = {
			isa = PBXGroup;
			children = (
				EA20D3982451DBB200115128 /* Services */,
				EAADF6FC24509F3500E7EF78 /* Model */,
				EAADF6FB24509F1400E7EF78 /* View */,
				EAADF6FA24509EF700E7EF78 /* Controller */,
				EAADF6E42450948800E7EF78 /* AppDelegate.swift */,
				EAADF6E62450948800E7EF78 /* SceneDelegate.swift */,
				EAADF6E82450948800E7EF78 /* ViewController.swift */,
				EAADF6EA2450948800E7EF78 /* Main.storyboard */,
				EA0C7276245A318E00C06280 /* Purchase.storyboard */,
				EAADF6F824509EE900E7EF78 /* BarButtonItem.swift */,
				EAADF6ED2450948900E7EF78 /* Assets.xcassets */,
				EAADF6EF2450948900E7EF78 /* LaunchScreen.storyboard */,
				EAADF6F22450948900E7EF78 /* Info.plist */,
			);
			path = ShoeShock;
			sourceTree = "<group>";
		};
		EAADF6FA24509EF700E7EF78 /* Controller */ = {
			isa = PBXGroup;
			children = (
				EA20D3962451DB0A00115128 /* ProductVC.swift */,
				EA244CAF2458E26D00D2D45F /* ProductDetailVC.swift */,
				EA3B13B0245261410058ECCE /* ProductBestSellerVC.swift */,
				EA7BB99924530C7F00E3FC4F /* BestSellerShoesCollection.swift */,
				EA20D39D2451E96200115128 /* CategoryVC.swift */,
				EAA244072457206C00ECB617 /* CartVC.swift */,
				EA0C7270245A10B300C06280 /* PurchaseOrderVC.swift */,
			);
			path = Controller;
			sourceTree = "<group>";
		};
		EAADF6FB24509F1400E7EF78 /* View */ = {
			isa = PBXGroup;
			children = (
				EA20D3A124523DEF00115128 /* BorderButton.swift */,
				EA20D3A224523DEF00115128 /* BorderShadowButton.swift */,
				EA20D3A324523DEF00115128 /* BorderShadowView.swift */,
				EA3B13AE24525EB80058ECCE /* ProductCellBestSeller.swift */,
				EA20D39F2451ED2B00115128 /* CategoryCell.swift */,
				EAA244092457247300ECB617 /* CartCell.swift */,
				EA20D3942450B02C00115128 /* ProductCell.swift */,
				EAA2440B2457449500ECB617 /* ProductView.swift */,
				EA0C7272245A154E00C06280 /* PurchaseOrderCell.swift */,
			);
			path = View;
			sourceTree = "<group>";
		};
		EAADF6FC24509F3500E7EF78 /* Model */ = {
			isa = PBXGroup;
			children = (
				EAADF6FF2450A61200E7EF78 /* Product.swift */,
				EA20D39B2451DC1C00115128 /* Category.swift */,
				EAA244032457195100ECB617 /* Cart.swift */,
				EAA2440524571AB800ECB617 /* CartItem.swift */,
				EA0C726E245A0B0900C06280 /* PurchaseOrder.swift */,
			);
			path = Model;
			sourceTree = "<group>";
		};
/* End PBXGroup section */

/* Begin PBXNativeTarget section */
		EAADF6E02450948800E7EF78 /* ShoeShock */ = {
			isa = PBXNativeTarget;
			buildConfigurationList = EAADF6F52450948900E7EF78 /* Build configuration list for PBXNativeTarget "ShoeShock" */;
			buildPhases = (
				EAADF6DD2450948800E7EF78 /* Sources */,
				EAADF6DE2450948800E7EF78 /* Frameworks */,
				EAADF6DF2450948800E7EF78 /* Resources */,
			);
			buildRules = (
			);
			dependencies = (
			);
			name = ShoeShock;
			productName = ShoeShock;
			productReference = EAADF6E12450948800E7EF78 /* ShoeShock.app */;
			productType = "com.apple.product-type.application";
		};
/* End PBXNativeTarget section */

/* Begin PBXProject section */
		EAADF6D92450948800E7EF78 /* Project object */ = {
			isa = PBXProject;
			attributes = {
				LastSwiftUpdateCheck = 1130;
				LastUpgradeCheck = 1130;
				ORGANIZATIONNAME = "Jonathan Wetmore";
				TargetAttributes = {
					EAADF6E02450948800E7EF78 = {
						CreatedOnToolsVersion = 11.3.1;
					};
				};
			};
			buildConfigurationList = EAADF6DC2450948800E7EF78 /* Build configuration list for PBXProject "ShoeShock" */;
			compatibilityVersion = "Xcode 9.3";
			developmentRegion = en;
			hasScannedForEncodings = 0;
			knownRegions = (
				en,
				Base,
			);
			mainGroup = EAADF6D82450948800E7EF78;
			productRefGroup = EAADF6E22450948800E7EF78 /* Products */;
			projectDirPath = "";
			projectRoot = "";
			targets = (
				EAADF6E02450948800E7EF78 /* ShoeShock */,
			);
		};
/* End PBXProject section */

/* Begin PBXResourcesBuildPhase section */
		EAADF6DF2450948800E7EF78 /* Resources */ = {
			isa = PBXResourcesBuildPhase;
			buildActionMask = 2147483647;
			files = (
				EAADF6F12450948900E7EF78 /* LaunchScreen.storyboard in Resources */,
				EA0C7277245A318E00C06280 /* Purchase.storyboard in Resources */,
				EAADF6EE2450948900E7EF78 /* Assets.xcassets in Resources */,
				EAADF6EC2450948800E7EF78 /* Main.storyboard in Resources */,
			);
			runOnlyForDeploymentPostprocessing = 0;
		};
/* End PBXResourcesBuildPhase section */

/* Begin PBXSourcesBuildPhase section */
		EAADF6DD2450948800E7EF78 /* Sources */ = {
			isa = PBXSourcesBuildPhase;
			buildActionMask = 2147483647;
			files = (
				EA20D39E2451E96200115128 /* CategoryVC.swift in Sources */,
				EAA2440A2457247300ECB617 /* CartCell.swift in Sources */,
				EAA244042457195100ECB617 /* Cart.swift in Sources */,
				EA20D39A2451DBCA00115128 /* DataService.swift in Sources */,
				EAADF7002450A61200E7EF78 /* Product.swift in Sources */,
				EA0C7273245A154E00C06280 /* PurchaseOrderCell.swift in Sources */,
				EAADF6E92450948800E7EF78 /* ViewController.swift in Sources */,
				EA20D3972451DB0A00115128 /* ProductVC.swift in Sources */,
				EA20D3952450B02C00115128 /* ProductCell.swift in Sources */,
				EAADF6E52450948800E7EF78 /* AppDelegate.swift in Sources */,
				EA20D3A524523DF000115128 /* BorderShadowButton.swift in Sources */,
				EA3B13B1245261410058ECCE /* ProductBestSellerVC.swift in Sources */,
				EA20D39C2451DC1C00115128 /* Category.swift in Sources */,
				EAADF6F924509EE900E7EF78 /* BarButtonItem.swift in Sources */,
				EA0C726F245A0B0900C06280 /* PurchaseOrder.swift in Sources */,
				EA0C7275245A1A4000C06280 /* Utilities.swift in Sources */,
				EA7BB99A24530C7F00E3FC4F /* BestSellerShoesCollection.swift in Sources */,
				EA20D3A624523DF000115128 /* BorderShadowView.swift in Sources */,
				EAADF6E72450948800E7EF78 /* SceneDelegate.swift in Sources */,
				EAA2440624571AB800ECB617 /* CartItem.swift in Sources */,
				EA3B13AF24525EB80058ECCE /* ProductCellBestSeller.swift in Sources */,
				EA244CB02458E26D00D2D45F /* ProductDetailVC.swift in Sources */,
				EAA2440C2457449500ECB617 /* ProductView.swift in Sources */,
				EA20D3A02451ED2B00115128 /* CategoryCell.swift in Sources */,
				EAA244082457206C00ECB617 /* CartVC.swift in Sources */,
				EA0C7271245A10B300C06280 /* PurchaseOrderVC.swift in Sources */,
				EA20D3A424523DF000115128 /* BorderButton.swift in Sources */,
			);
			runOnlyForDeploymentPostprocessing = 0;
		};
/* End PBXSourcesBuildPhase section */

/* Begin PBXVariantGroup section */
		EAADF6EA2450948800E7EF78 /* Main.storyboard */ = {
			isa = PBXVariantGroup;
			children = (
				EAADF6EB2450948800E7EF78 /* Base */,
			);
			name = Main.storyboard;
			sourceTree = "<group>";
		};
		EAADF6EF2450948900E7EF78 /* LaunchScreen.storyboard */ = {
			isa = PBXVariantGroup;
			children = (
				EAADF6F02450948900E7EF78 /* Base */,
			);
			name = LaunchScreen.storyboard;
			sourceTree = "<group>";
		};
/* End PBXVariantGroup section */

/* Begin XCBuildConfiguration section */
		EAADF6F32450948900E7EF78 /* Debug */ = {
			isa = XCBuildConfiguration;
			buildSettings = {
				ALWAYS_SEARCH_USER_PATHS = NO;
				CLANG_ANALYZER_NONNULL = YES;
				CLANG_ANALYZER_NUMBER_OBJECT_CONVERSION = YES_AGGRESSIVE;
				CLANG_CXX_LANGUAGE_STANDARD = "gnu++14";
				CLANG_CXX_LIBRARY = "libc++";
				CLANG_ENABLE_MODULES = YES;
				CLANG_ENABLE_OBJC_ARC = YES;
				CLANG_ENABLE_OBJC_WEAK = YES;
				CLANG_WARN_BLOCK_CAPTURE_AUTORELEASING = YES;
				CLANG_WARN_BOOL_CONVERSION = YES;
				CLANG_WARN_COMMA = YES;
				CLANG_WARN_CONSTANT_CONVERSION = YES;
				CLANG_WARN_DEPRECATED_OBJC_IMPLEMENTATIONS = YES;
				CLANG_WARN_DIRECT_OBJC_ISA_USAGE = YES_ERROR;
				CLANG_WARN_DOCUMENTATION_COMMENTS = YES;
				CLANG_WARN_EMPTY_BODY = YES;
				CLANG_WARN_ENUM_CONVERSION = YES;
				CLANG_WARN_INFINITE_RECURSION = YES;
				CLANG_WARN_INT_CONVERSION = YES;
				CLANG_WARN_NON_LITERAL_NULL_CONVERSION = YES;
				CLANG_WARN_OBJC_IMPLICIT_RETAIN_SELF = YES;
				CLANG_WARN_OBJC_LITERAL_CONVERSION = YES;
				CLANG_WARN_OBJC_ROOT_CLASS = YES_ERROR;
				CLANG_WARN_RANGE_LOOP_ANALYSIS = YES;
				CLANG_WARN_STRICT_PROTOTYPES = YES;
				CLANG_WARN_SUSPICIOUS_MOVE = YES;
				CLANG_WARN_UNGUARDED_AVAILABILITY = YES_AGGRESSIVE;
				CLANG_WARN_UNREACHABLE_CODE = YES;
				CLANG_WARN__DUPLICATE_METHOD_MATCH = YES;
				COPY_PHASE_STRIP = NO;
				DEBUG_INFORMATION_FORMAT = dwarf;
				ENABLE_STRICT_OBJC_MSGSEND = YES;
				ENABLE_TESTABILITY = YES;
				GCC_C_LANGUAGE_STANDARD = gnu11;
				GCC_DYNAMIC_NO_PIC = NO;
				GCC_NO_COMMON_BLOCKS = YES;
				GCC_OPTIMIZATION_LEVEL = 0;
				GCC_PREPROCESSOR_DEFINITIONS = (
					"DEBUG=1",
					"$(inherited)",
				);
				GCC_WARN_64_TO_32_BIT_CONVERSION = YES;
				GCC_WARN_ABOUT_RETURN_TYPE = YES_ERROR;
				GCC_WARN_UNDECLARED_SELECTOR = YES;
				GCC_WARN_UNINITIALIZED_AUTOS = YES_AGGRESSIVE;
				GCC_WARN_UNUSED_FUNCTION = YES;
				GCC_WARN_UNUSED_VARIABLE = YES;
				IPHONEOS_DEPLOYMENT_TARGET = 13.2;
				MTL_ENABLE_DEBUG_INFO = INCLUDE_SOURCE;
				MTL_FAST_MATH = YES;
				ONLY_ACTIVE_ARCH = YES;
				SDKROOT = iphoneos;
				SWIFT_ACTIVE_COMPILATION_CONDITIONS = DEBUG;
				SWIFT_OPTIMIZATION_LEVEL = "-Onone";
			};
			name = Debug;
		};
		EAADF6F42450948900E7EF78 /* Release */ = {
			isa = XCBuildConfiguration;
			buildSettings = {
				ALWAYS_SEARCH_USER_PATHS = NO;
				CLANG_ANALYZER_NONNULL = YES;
				CLANG_ANALYZER_NUMBER_OBJECT_CONVERSION = YES_AGGRESSIVE;
				CLANG_CXX_LANGUAGE_STANDARD = "gnu++14";
				CLANG_CXX_LIBRARY = "libc++";
				CLANG_ENABLE_MODULES = YES;
				CLANG_ENABLE_OBJC_ARC = YES;
				CLANG_ENABLE_OBJC_WEAK = YES;
				CLANG_WARN_BLOCK_CAPTURE_AUTORELEASING = YES;
				CLANG_WARN_BOOL_CONVERSION = YES;
				CLANG_WARN_COMMA = YES;
				CLANG_WARN_CONSTANT_CONVERSION = YES;
				CLANG_WARN_DEPRECATED_OBJC_IMPLEMENTATIONS = YES;
				CLANG_WARN_DIRECT_OBJC_ISA_USAGE = YES_ERROR;
				CLANG_WARN_DOCUMENTATION_COMMENTS = YES;
				CLANG_WARN_EMPTY_BODY = YES;
				CLANG_WARN_ENUM_CONVERSION = YES;
				CLANG_WARN_INFINITE_RECURSION = YES;
				CLANG_WARN_INT_CONVERSION = YES;
				CLANG_WARN_NON_LITERAL_NULL_CONVERSION = YES;
				CLANG_WARN_OBJC_IMPLICIT_RETAIN_SELF = YES;
				CLANG_WARN_OBJC_LITERAL_CONVERSION = YES;
				CLANG_WARN_OBJC_ROOT_CLASS = YES_ERROR;
				CLANG_WARN_RANGE_LOOP_ANALYSIS = YES;
				CLANG_WARN_STRICT_PROTOTYPES = YES;
				CLANG_WARN_SUSPICIOUS_MOVE = YES;
				CLANG_WARN_UNGUARDED_AVAILABILITY = YES_AGGRESSIVE;
				CLANG_WARN_UNREACHABLE_CODE = YES;
				CLANG_WARN__DUPLICATE_METHOD_MATCH = YES;
				COPY_PHASE_STRIP = NO;
				DEBUG_INFORMATION_FORMAT = "dwarf-with-dsym";
				ENABLE_NS_ASSERTIONS = NO;
				ENABLE_STRICT_OBJC_MSGSEND = YES;
				GCC_C_LANGUAGE_STANDARD = gnu11;
				GCC_NO_COMMON_BLOCKS = YES;
				GCC_WARN_64_TO_32_BIT_CONVERSION = YES;
				GCC_WARN_ABOUT_RETURN_TYPE = YES_ERROR;
				GCC_WARN_UNDECLARED_SELECTOR = YES;
				GCC_WARN_UNINITIALIZED_AUTOS = YES_AGGRESSIVE;
				GCC_WARN_UNUSED_FUNCTION = YES;
				GCC_WARN_UNUSED_VARIABLE = YES;
				IPHONEOS_DEPLOYMENT_TARGET = 13.2;
				MTL_ENABLE_DEBUG_INFO = NO;
				MTL_FAST_MATH = YES;
				SDKROOT = iphoneos;
				SWIFT_COMPILATION_MODE = wholemodule;
				SWIFT_OPTIMIZATION_LEVEL = "-O";
				VALIDATE_PRODUCT = YES;
			};
			name = Release;
		};
		EAADF6F62450948900E7EF78 /* Debug */ = {
			isa = XCBuildConfiguration;
			buildSettings = {
				ASSETCATALOG_COMPILER_APPICON_NAME = AppIcon;
				CODE_SIGN_STYLE = Automatic;
				INFOPLIST_FILE = ShoeShock/Info.plist;
				LD_RUNPATH_SEARCH_PATHS = (
					"$(inherited)",
					"@executable_path/Frameworks",
				);
				PRODUCT_BUNDLE_IDENTIFIER = com.phiretech.ShoeShock;
				PRODUCT_NAME = "$(TARGET_NAME)";
				SWIFT_VERSION = 5.0;
				TARGETED_DEVICE_FAMILY = "1,2";
			};
			name = Debug;
		};
		EAADF6F72450948900E7EF78 /* Release */ = {
			isa = XCBuildConfiguration;
			buildSettings = {
				ASSETCATALOG_COMPILER_APPICON_NAME = AppIcon;
				CODE_SIGN_STYLE = Automatic;
				INFOPLIST_FILE = ShoeShock/Info.plist;
				LD_RUNPATH_SEARCH_PATHS = (
					"$(inherited)",
					"@executable_path/Frameworks",
				);
				PRODUCT_BUNDLE_IDENTIFIER = com.phiretech.ShoeShock;
				PRODUCT_NAME = "$(TARGET_NAME)";
				SWIFT_VERSION = 5.0;
				TARGETED_DEVICE_FAMILY = "1,2";
			};
			name = Release;
		};
/* End XCBuildConfiguration section */

/* Begin XCConfigurationList section */
		EAADF6DC2450948800E7EF78 /* Build configuration list for PBXProject "ShoeShock" */ = {
			isa = XCConfigurationList;
			buildConfigurations = (
				EAADF6F32450948900E7EF78 /* Debug */,
				EAADF6F42450948900E7EF78 /* Release */,
			);
			defaultConfigurationIsVisible = 0;
			defaultConfigurationName = Release;
		};
		EAADF6F52450948900E7EF78 /* Build configuration list for PBXNativeTarget "ShoeShock" */ = {
			isa = XCConfigurationList;
			buildConfigurations = (
				EAADF6F62450948900E7EF78 /* Debug */,
				EAADF6F72450948900E7EF78 /* Release */,
			);
			defaultConfigurationIsVisible = 0;
			defaultConfigurationName = Release;
		};
/* End XCConfigurationList section */
	};
	rootObject = EAADF6D92450948800E7EF78 /* Project object */;
}
